# This file is automatically @generated by Cargo.
# It is not intended for manual editing.
version = 4

[[package]]
name = "ash-courier"
version = "0.0.1"
dependencies = [
 "verryte-core",
 "verryte-input",
 "verryte-map",
 "verryte-terminal",
]

[[package]]
name = "verryte-core"
version = "0.0.1"

[[package]]
name = "verryte-input"
version = "0.0.1"

[[package]]
name = "verryte-map"
version = "0.0.1"

[[package]]
name = "verryte-terminal"
version = "0.0.1"
